// !$*UTF8*$!
{
	archiveVersion = 1;
	classes = {
	};
	objectVersion = 46;
	objects = {

/* Begin PBXBuildFile section */
		687A131F1CF58394001969FB /* main.cpp in Sources */ = {isa = PBXBuildFile; fileRef = 687A131E1CF58394001969FB /* main.cpp */; };
		687A13571CF58455001969FB /* libopencv_calib3d.3.1.0.dylib in Frameworks */ = {isa = PBXBuildFile; fileRef = 687A13261CF58455001969FB /* libopencv_calib3d.3.1.0.dylib */; };
		687A13581CF58455001969FB /* libopencv_calib3d.3.1.0.dylib in Frameworks */ = {isa = PBXBuildFile; fileRef = 687A13271CF58455001969FB /* libopencv_calib3d.3.1.0.dylib */; };
		687A13591CF58455001969FB /* libopencv_calib3d.3.1.0.dylib in Frameworks */ = {isa = PBXBuildFile; fileRef = 687A13281CF58455001969FB /* libopencv_calib3d.3.1.0.dylib */; };
		687A135A1CF58455001969FB /* libopencv_core.3.1.0.dylib in Frameworks */ = {isa = PBXBuildFile; fileRef = 687A13291CF58455001969FB /* libopencv_core.3.1.0.dylib */; };
		687A135B1CF58455001969FB /* libopencv_core.3.1.0.dylib in Frameworks */ = {isa = PBXBuildFile; fileRef = 687A132A1CF58455001969FB /* libopencv_core.3.1.0.dylib */; };
		687A135C1CF58455001969FB /* libopencv_core.3.1.0.dylib in Frameworks */ = {isa = PBXBuildFile; fileRef = 687A132B1CF58455001969FB /* libopencv_core.3.1.0.dylib */; };
		687A135D1CF58455001969FB /* libopencv_features2d.3.1.0.dylib in Frameworks */ = {isa = PBXBuildFile; fileRef = 687A132C1CF58455001969FB /* libopencv_features2d.3.1.0.dylib */; };
		687A135E1CF58455001969FB /* libopencv_features2d.3.1.0.dylib in Frameworks */ = {isa = PBXBuildFile; fileRef = 687A132D1CF58455001969FB /* libopencv_features2d.3.1.0.dylib */; };
		687A135F1CF58455001969FB /* libopencv_features2d.3.1.0.dylib in Frameworks */ = {isa = PBXBuildFile; fileRef = 687A132E1CF58455001969FB /* libopencv_features2d.3.1.0.dylib */; };
		687A13601CF58455001969FB /* libopencv_flann.3.1.0.dylib in Frameworks */ = {isa = PBXBuildFile; fileRef = 687A132F1CF58455001969FB /* libopencv_flann.3.1.0.dylib */; };
		687A13611CF58455001969FB /* libopencv_flann.3.1.0.dylib in Frameworks */ = {isa = PBXBuildFile; fileRef = 687A13301CF58455001969FB /* libopencv_flann.3.1.0.dylib */; };
		687A13621CF58455001969FB /* libopencv_flann.3.1.0.dylib in Frameworks */ = {isa = PBXBuildFile; fileRef = 687A13311CF58455001969FB /* libopencv_flann.3.1.0.dylib */; };
		687A13631CF58455001969FB /* libopencv_highgui.3.1.0.dylib in Frameworks */ = {isa = PBXBuildFile; fileRef = 687A13321CF58455001969FB /* libopencv_highgui.3.1.0.dylib */; };
		687A13641CF58455001969FB /* libopencv_highgui.3.1.0.dylib in Frameworks */ = {isa = PBXBuildFile; fileRef = 687A13331CF58455001969FB /* libopencv_highgui.3.1.0.dylib */; };
		687A13651CF58455001969FB /* libopencv_highgui.3.1.0.dylib in Frameworks */ = {isa = PBXBuildFile; fileRef = 687A13341CF58455001969FB /* libopencv_highgui.3.1.0.dylib */; };
		687A13661CF58455001969FB /* libopencv_imgcodecs.3.1.0.dylib in Frameworks */ = {isa = PBXBuildFile; fileRef = 687A13351CF58455001969FB /* libopencv_imgcodecs.3.1.0.dylib */; };
		687A13671CF58455001969FB /* libopencv_imgcodecs.3.1.0.dylib in Frameworks */ = {isa = PBXBuildFile; fileRef = 687A13361CF58455001969FB /* libopencv_imgcodecs.3.1.0.dylib */; };
		687A13681CF58455001969FB /* libopencv_imgcodecs.3.1.0.dylib in Frameworks */ = {isa = PBXBuildFile; fileRef = 687A13371CF58455001969FB /* libopencv_imgcodecs.3.1.0.dylib */; };
		687A13691CF58455001969FB /* libopencv_imgproc.3.1.0.dylib in Frameworks */ = {isa = PBXBuildFile; fileRef = 687A13381CF58455001969FB /* libopencv_imgproc.3.1.0.dylib */; };
		687A136A1CF58455001969FB /* libopencv_imgproc.3.1.0.dylib in Frameworks */ = {isa = PBXBuildFile; fileRef = 687A13391CF58455001969FB /* libopencv_imgproc.3.1.0.dylib */; };
		687A136B1CF58455001969FB /* libopencv_imgproc.3.1.0.dylib in Frameworks */ = {isa = PBXBuildFile; fileRef = 687A133A1CF58455001969FB /* libopencv_imgproc.3.1.0.dylib */; };
		687A136C1CF58455001969FB /* libopencv_ml.3.1.0.dylib in Frameworks */ = {isa = PBXBuildFile; fileRef = 687A133B1CF58455001969FB /* libopencv_ml.3.1.0.dylib */; };
		687A136D1CF58455001969FB /* libopencv_ml.3.1.0.dylib in Frameworks */ = {isa = PBXBuildFile; fileRef = 687A133C1CF58455001969FB /* libopencv_ml.3.1.0.dylib */; };
		687A136E1CF58455001969FB /* libopencv_ml.3.1.0.dylib in Frameworks */ = {isa = PBXBuildFile; fileRef = 687A133D1CF58455001969FB /* libopencv_ml.3.1.0.dylib */; };
		687A136F1CF58455001969FB /* libopencv_objdetect.3.1.0.dylib in Frameworks */ = {isa = PBXBuildFile; fileRef = 687A133E1CF58455001969FB /* libopencv_objdetect.3.1.0.dylib */; };
		687A13701CF58455001969FB /* libopencv_objdetect.3.1.0.dylib in Frameworks */ = {isa = PBXBuildFile; fileRef = 687A133F1CF58455001969FB /* libopencv_objdetect.3.1.0.dylib */; };
		687A13711CF58455001969FB /* libopencv_objdetect.3.1.0.dylib in Frameworks */ = {isa = PBXBuildFile; fileRef = 687A13401CF58455001969FB /* libopencv_objdetect.3.1.0.dylib */; };
		687A13721CF58455001969FB /* libopencv_photo.3.1.0.dylib in Frameworks */ = {isa = PBXBuildFile; fileRef = 687A13411CF58455001969FB /* libopencv_photo.3.1.0.dylib */; };
		687A13731CF58455001969FB /* libopencv_photo.3.1.0.dylib in Frameworks */ = {isa = PBXBuildFile; fileRef = 687A13421CF58455001969FB /* libopencv_photo.3.1.0.dylib */; };
		687A13741CF58455001969FB /* libopencv_photo.3.1.0.dylib in Frameworks */ = {isa = PBXBuildFile; fileRef = 687A13431CF58455001969FB /* libopencv_photo.3.1.0.dylib */; };
		687A13751CF58455001969FB /* libopencv_shape.3.1.0.dylib in Frameworks */ = {isa = PBXBuildFile; fileRef = 687A13441CF58455001969FB /* libopencv_shape.3.1.0.dylib */; };
		687A13761CF58455001969FB /* libopencv_shape.3.1.0.dylib in Frameworks */ = {isa = PBXBuildFile; fileRef = 687A13451CF58455001969FB /* libopencv_shape.3.1.0.dylib */; };
		687A13771CF58455001969FB /* libopencv_shape.3.1.0.dylib in Frameworks */ = {isa = PBXBuildFile; fileRef = 687A13461CF58455001969FB /* libopencv_shape.3.1.0.dylib */; };
		687A13781CF58455001969FB /* libopencv_stitching.3.1.0.dylib in Frameworks */ = {isa = PBXBuildFile; fileRef = 687A13471CF58455001969FB /* libopencv_stitching.3.1.0.dylib */; };
		687A13791CF58455001969FB /* libopencv_stitching.3.1.0.dylib in Frameworks */ = {isa = PBXBuildFile; fileRef = 687A13481CF58455001969FB /* libopencv_stitching.3.1.0.dylib */; };
		687A137A1CF58455001969FB /* libopencv_stitching.3.1.0.dylib in Frameworks */ = {isa = PBXBuildFile; fileRef = 687A13491CF58455001969FB /* libopencv_stitching.3.1.0.dylib */; };
		687A137B1CF58455001969FB /* libopencv_superres.3.1.0.dylib in Frameworks */ = {isa = PBXBuildFile; fileRef = 687A134A1CF58455001969FB /* libopencv_superres.3.1.0.dylib */; };
		687A137C1CF58455001969FB /* libopencv_superres.3.1.0.dylib in Frameworks */ = {isa = PBXBuildFile; fileRef = 687A134B1CF58455001969FB /* libopencv_superres.3.1.0.dylib */; };
		687A137D1CF58455001969FB /* libopencv_superres.3.1.0.dylib in Frameworks */ = {isa = PBXBuildFile; fileRef = 687A134C1CF58455001969FB /* libopencv_superres.3.1.0.dylib */; };
		687A137E1CF58455001969FB /* libopencv_ts.a in Frameworks */ = {isa = PBXBuildFile; fileRef = 687A134D1CF58455001969FB /* libopencv_ts.a */; };
		687A137F1CF58455001969FB /* libopencv_video.3.1.0.dylib in Frameworks */ = {isa = PBXBuildFile; fileRef = 687A134E1CF58455001969FB /* libopencv_video.3.1.0.dylib */; };
		687A13801CF58455001969FB /* libopencv_video.3.1.0.dylib in Frameworks */ = {isa = PBXBuildFile; fileRef = 687A134F1CF58455001969FB /* libopencv_video.3.1.0.dylib */; };
		687A13811CF58455001969FB /* libopencv_video.3.1.0.dylib in Frameworks */ = {isa = PBXBuildFile; fileRef = 687A13501CF58455001969FB /* libopencv_video.3.1.0.dylib */; };
		687A13821CF58455001969FB /* libopencv_videoio.3.1.0.dylib in Frameworks */ = {isa = PBXBuildFile; fileRef = 687A13511CF58455001969FB /* libopencv_videoio.3.1.0.dylib */; };
		687A13831CF58455001969FB /* libopencv_videoio.3.1.0.dylib in Frameworks */ = {isa = PBXBuildFile; fileRef = 687A13521CF58455001969FB /* libopencv_videoio.3.1.0.dylib */; };
		687A13841CF58455001969FB /* libopencv_videoio.3.1.0.dylib in Frameworks */ = {isa = PBXBuildFile; fileRef = 687A13531CF58455001969FB /* libopencv_videoio.3.1.0.dylib */; };
		687A13851CF58455001969FB /* libopencv_videostab.3.1.0.dylib in Frameworks */ = {isa = PBXBuildFile; fileRef = 687A13541CF58455001969FB /* libopencv_videostab.3.1.0.dylib */; };
		687A13861CF58455001969FB /* libopencv_videostab.3.1.0.dylib in Frameworks */ = {isa = PBXBuildFile; fileRef = 687A13551CF58455001969FB /* libopencv_videostab.3.1.0.dylib */; };
		687A13871CF58455001969FB /* libopencv_videostab.3.1.0.dylib in Frameworks */ = {isa = PBXBuildFile; fileRef = 687A13561CF58455001969FB /* libopencv_videostab.3.1.0.dylib */; };
/* End PBXBuildFile section */

/* Begin PBXCopyFilesBuildPhase section */
		687A13191CF58394001969FB /* CopyFiles */ = {
			isa = PBXCopyFilesBuildPhase;
			buildActionMask = 2147483647;
			dstPath = /usr/share/man/man1/;
			dstSubfolderSpec = 0;
			files = (
			);
			runOnlyForDeploymentPostprocessing = 1;
		};
/* End PBXCopyFilesBuildPhase section */

/* Begin PBXFileReference section */
		687A131B1CF58394001969FB /* largestcontour */ = {isa = PBXFileReference; explicitFileType = "compiled.mach-o.executable"; includeInIndex = 0; path = largestcontour; sourceTree = BUILT_PRODUCTS_DIR; };
		687A131E1CF58394001969FB /* main.cpp */ = {isa = PBXFileReference; lastKnownFileType = sourcecode.cpp.cpp; path = main.cpp; sourceTree = "<group>"; };
		687A13251CF58455001969FB /* cv2.so */ = {isa = PBXFileReference; lastKnownFileType = "compiled.mach-o.bundle"; name = cv2.so; path = "../../Downloads/opencv-3.1.0/lib/cv2.so"; sourceTree = "<group>"; };
		687A13261CF58455001969FB /* libopencv_calib3d.3.1.0.dylib */ = {isa = PBXFileReference; lastKnownFileType = "compiled.mach-o.dylib"; name = libopencv_calib3d.3.1.0.dylib; path = "../../Downloads/opencv-3.1.0/lib/libopencv_calib3d.3.1.0.dylib"; sourceTree = "<group>"; };
		687A13271CF58455001969FB /* libopencv_calib3d.3.1.0.dylib */ = {isa = PBXFileReference; lastKnownFileType = "compiled.mach-o.dylib"; name = libopencv_calib3d.3.1.0.dylib; path = "../../Downloads/opencv-3.1.0/lib/libopencv_calib3d.3.1.0.dylib"; sourceTree = "<group>"; };
		687A13281CF58455001969FB /* libopencv_calib3d.3.1.0.dylib */ = {isa = PBXFileReference; lastKnownFileType = "compiled.mach-o.dylib"; name = libopencv_calib3d.3.1.0.dylib; path = "../../Downloads/opencv-3.1.0/lib/libopencv_calib3d.3.1.0.dylib"; sourceTree = "<group>"; };
		687A13291CF58455001969FB /* libopencv_core.3.1.0.dylib */ = {isa = PBXFileReference; lastKnownFileType = "compiled.mach-o.dylib"; name = libopencv_core.3.1.0.dylib; path = "../../Downloads/opencv-3.1.0/lib/libopencv_core.3.1.0.dylib"; sourceTree = "<group>"; };
		687A132A1CF58455001969FB /* libopencv_core.3.1.0.dylib */ = {isa = PBXFileReference; lastKnownFileType = "compiled.mach-o.dylib"; name = libopencv_core.3.1.0.dylib; path = "../../Downloads/opencv-3.1.0/lib/libopencv_core.3.1.0.dylib"; sourceTree = "<group>"; };
		687A132B1CF58455001969FB /* libopencv_core.3.1.0.dylib */ = {isa = PBXFileReference; lastKnownFileType = "compiled.mach-o.dylib"; name = libopencv_core.3.1.0.dylib; path = "../../Downloads/opencv-3.1.0/lib/libopencv_core.3.1.0.dylib"; sourceTree = "<group>"; };
		687A132C1CF58455001969FB /* libopencv_features2d.3.1.0.dylib */ = {isa = PBXFileReference; lastKnownFileType = "compiled.mach-o.dylib"; name = libopencv_features2d.3.1.0.dylib; path = "../../Downloads/opencv-3.1.0/lib/libopencv_features2d.3.1.0.dylib"; sourceTree = "<group>"; };
		687A132D1CF58455001969FB /* libopencv_features2d.3.1.0.dylib */ = {isa = PBXFileReference; lastKnownFileType = "compiled.mach-o.dylib"; name = libopencv_features2d.3.1.0.dylib; path = "../../Downloads/opencv-3.1.0/lib/libopencv_features2d.3.1.0.dylib"; sourceTree = "<group>"; };
		687A132E1CF58455001969FB /* libopencv_features2d.3.1.0.dylib */ = {isa = PBXFileReference; lastKnownFileType = "compiled.mach-o.dylib"; name = libopencv_features2d.3.1.0.dylib; path = "../../Downloads/opencv-3.1.0/lib/libopencv_features2d.3.1.0.dylib"; sourceTree = "<group>"; };
		687A132F1CF58455001969FB /* libopencv_flann.3.1.0.dylib */ = {isa = PBXFileReference; lastKnownFileType = "compiled.mach-o.dylib"; name = libopencv_flann.3.1.0.dylib; path = "../../Downloads/opencv-3.1.0/lib/libopencv_flann.3.1.0.dylib"; sourceTree = "<group>"; };
		687A13301CF58455001969FB /* libopencv_flann.3.1.0.dylib */ = {isa = PBXFileReference; lastKnownFileType = "compiled.mach-o.dylib"; name = libopencv_flann.3.1.0.dylib; path = "../../Downloads/opencv-3.1.0/lib/libopencv_flann.3.1.0.dylib"; sourceTree = "<group>"; };
		687A13311CF58455001969FB /* libopencv_flann.3.1.0.dylib */ = {isa = PBXFileReference; lastKnownFileType = "compiled.mach-o.dylib"; name = libopencv_flann.3.1.0.dylib; path = "../../Downloads/opencv-3.1.0/lib/libopencv_flann.3.1.0.dylib"; sourceTree = "<group>"; };
		687A13321CF58455001969FB /* libopencv_highgui.3.1.0.dylib */ = {isa = PBXFileReference; lastKnownFileType = "compiled.mach-o.dylib"; name = libopencv_highgui.3.1.0.dylib; path = "../../Downloads/opencv-3.1.0/lib/libopencv_highgui.3.1.0.dylib"; sourceTree = "<group>"; };
		687A13331CF58455001969FB /* libopencv_highgui.3.1.0.dylib */ = {isa = PBXFileReference; lastKnownFileType = "compiled.mach-o.dylib"; name = libopencv_highgui.3.1.0.dylib; path = "../../Downloads/opencv-3.1.0/lib/libopencv_highgui.3.1.0.dylib"; sourceTree = "<group>"; };
		687A13341CF58455001969FB /* libopencv_highgui.3.1.0.dylib */ = {isa = PBXFileReference; lastKnownFileType = "compiled.mach-o.dylib"; name = libopencv_highgui.3.1.0.dylib; path = "../../Downloads/opencv-3.1.0/lib/libopencv_highgui.3.1.0.dylib"; sourceTree = "<group>"; };
		687A13351CF58455001969FB /* libopencv_imgcodecs.3.1.0.dylib */ = {isa = PBXFileReference; lastKnownFileType = "compiled.mach-o.dylib"; name = libopencv_imgcodecs.3.1.0.dylib; path = "../../Downloads/opencv-3.1.0/lib/libopencv_imgcodecs.3.1.0.dylib"; sourceTree = "<group>"; };
		687A13361CF58455001969FB /* libopencv_imgcodecs.3.1.0.dylib */ = {isa = PBXFileReference; lastKnownFileType = "compiled.mach-o.dylib"; name = libopencv_imgcodecs.3.1.0.dylib; path = "../../Downloads/opencv-3.1.0/lib/libopencv_imgcodecs.3.1.0.dylib"; sourceTree = "<group>"; };
		687A13371CF58455001969FB /* libopencv_imgcodecs.3.1.0.dylib */ = {isa = PBXFileReference; lastKnownFileType = "compiled.mach-o.dylib"; name = libopencv_imgcodecs.3.1.0.dylib; path = "../../Downloads/opencv-3.1.0/lib/libopencv_imgcodecs.3.1.0.dylib"; sourceTree = "<group>"; };
		687A13381CF58455001969FB /* libopencv_imgproc.3.1.0.dylib */ = {isa = PBXFileReference; lastKnownFileType = "compiled.mach-o.dylib"; name = libopencv_imgproc.3.1.0.dylib; path = "../../Downloads/opencv-3.1.0/lib/libopencv_imgproc.3.1.0.dylib"; sourceTree = "<group>"; };
		687A13391CF58455001969FB /* libopencv_imgproc.3.1.0.dylib */ = {isa = PBXFileReference; lastKnownFileType = "compiled.mach-o.dylib"; name = libopencv_imgproc.3.1.0.dylib; path = "../../Downloads/opencv-3.1.0/lib/libopencv_imgproc.3.1.0.dylib"; sourceTree = "<group>"; };
		687A133A1CF58455001969FB /* libopencv_imgproc.3.1.0.dylib */ = {isa = PBXFileReference; lastKnownFileType = "compiled.mach-o.dylib"; name = libopencv_imgproc.3.1.0.dylib; path = "../../Downloads/opencv-3.1.0/lib/libopencv_imgproc.3.1.0.dylib"; sourceTree = "<group>"; };
		687A133B1CF58455001969FB /* libopencv_ml.3.1.0.dylib */ = {isa = PBXFileReference; lastKnownFileType = "compiled.mach-o.dylib"; name = libopencv_ml.3.1.0.dylib; path = "../../Downloads/opencv-3.1.0/lib/libopencv_ml.3.1.0.dylib"; sourceTree = "<group>"; };
		687A133C1CF58455001969FB /* libopencv_ml.3.1.0.dylib */ = {isa = PBXFileReference; lastKnownFileType = "compiled.mach-o.dylib"; name = libopencv_ml.3.1.0.dylib; path = "../../Downloads/opencv-3.1.0/lib/libopencv_ml.3.1.0.dylib"; sourceTree = "<group>"; };
		687A133D1CF58455001969FB /* libopencv_ml.3.1.0.dylib */ = {isa = PBXFileReference; lastKnownFileType = "compiled.mach-o.dylib"; name = libopencv_ml.3.1.0.dylib; path = "../../Downloads/opencv-3.1.0/lib/libopencv_ml.3.1.0.dylib"; sourceTree = "<group>"; };
		687A133E1CF58455001969FB /* libopencv_objdetect.3.1.0.dylib */ = {isa = PBXFileReference; lastKnownFileType = "compiled.mach-o.dylib"; name = libopencv_objdetect.3.1.0.dylib; path = "../../Downloads/opencv-3.1.0/lib/libopencv_objdetect.3.1.0.dylib"; sourceTree = "<group>"; };
		687A133F1CF58455001969FB /* libopencv_objdetect.3.1.0.dylib */ = {isa = PBXFileReference; lastKnownFileType = "compiled.mach-o.dylib"; name = libopencv_objdetect.3.1.0.dylib; path = "../../Downloads/opencv-3.1.0/lib/libopencv_objdetect.3.1.0.dylib"; sourceTree = "<group>"; };
		687A13401CF58455001969FB /* libopencv_objdetect.3.1.0.dylib */ = {isa = PBXFileReference; lastKnownFileType = "compiled.mach-o.dylib"; name = libopencv_objdetect.3.1.0.dylib; path = "../../Downloads/opencv-3.1.0/lib/libopencv_objdetect.3.1.0.dylib"; sourceTree = "<group>"; };
		687A13411CF58455001969FB /* libopencv_photo.3.1.0.dylib */ = {isa = PBXFileReference; lastKnownFileType = "compiled.mach-o.dylib"; name = libopencv_photo.3.1.0.dylib; path = "../../Downloads/opencv-3.1.0/lib/libopencv_photo.3.1.0.dylib"; sourceTree = "<group>"; };
		687A13421CF58455001969FB /* libopencv_photo.3.1.0.dylib */ = {isa = PBXFileReference; lastKnownFileType = "compiled.mach-o.dylib"; name = libopencv_photo.3.1.0.dylib; path = "../../Downloads/opencv-3.1.0/lib/libopencv_photo.3.1.0.dylib"; sourceTree = "<group>"; };
		687A13431CF58455001969FB /* libopencv_photo.3.1.0.dylib */ = {isa = PBXFileReference; lastKnownFileType = "compiled.mach-o.dylib"; name = libopencv_photo.3.1.0.dylib; path = "../../Downloads/opencv-3.1.0/lib/libopencv_photo.3.1.0.dylib"; sourceTree = "<group>"; };
		687A13441CF58455001969FB /* libopencv_shape.3.1.0.dylib */ = {isa = PBXFileReference; lastKnownFileType = "compiled.mach-o.dylib"; name = libopencv_shape.3.1.0.dylib; path = "../../Downloads/opencv-3.1.0/lib/libopencv_shape.3.1.0.dylib"; sourceTree = "<group>"; };
		687A13451CF58455001969FB /* libopencv_shape.3.1.0.dylib */ = {isa = PBXFileReference; lastKnownFileType = "compiled.mach-o.dylib"; name = libopencv_shape.3.1.0.dylib; path = "../../Downloads/opencv-3.1.0/lib/libopencv_shape.3.1.0.dylib"; sourceTree = "<group>"; };
		687A13461CF58455001969FB /* libopencv_shape.3.1.0.dylib */ = {isa = PBXFileReference; lastKnownFileType = "compiled.mach-o.dylib"; name = libopencv_shape.3.1.0.dylib; path = "../../Downloads/opencv-3.1.0/lib/libopencv_shape.3.1.0.dylib"; sourceTree = "<group>"; };
		687A13471CF58455001969FB /* libopencv_stitching.3.1.0.dylib */ = {isa = PBXFileReference; lastKnownFileType = "compiled.mach-o.dylib"; name = libopencv_stitching.3.1.0.dylib; path = "../../Downloads/opencv-3.1.0/lib/libopencv_stitching.3.1.0.dylib"; sourceTree = "<group>"; };
		687A13481CF58455001969FB /* libopencv_stitching.3.1.0.dylib */ = {isa = PBXFileReference; lastKnownFileType = "compiled.mach-o.dylib"; name = libopencv_stitching.3.1.0.dylib; path = "../../Downloads/opencv-3.1.0/lib/libopencv_stitching.3.1.0.dylib"; sourceTree = "<group>"; };
		687A13491CF58455001969FB /* libopencv_stitching.3.1.0.dylib */ = {isa = PBXFileReference; lastKnownFileType = "compiled.mach-o.dylib"; name = libopencv_stitching.3.1.0.dylib; path = "../../Downloads/opencv-3.1.0/lib/libopencv_stitching.3.1.0.dylib"; sourceTree = "<group>"; };
		687A134A1CF58455001969FB /* libopencv_superres.3.1.0.dylib */ = {isa = PBXFileReference; lastKnownFileType = "compiled.mach-o.dylib"; name = libopencv_superres.3.1.0.dylib; path = "../../Downloads/opencv-3.1.0/lib/libopencv_superres.3.1.0.dylib"; sourceTree = "<group>"; };
		687A134B1CF58455001969FB /* libopencv_superres.3.1.0.dylib */ = {isa = PBXFileReference; lastKnownFileType = "compiled.mach-o.dylib"; name = libopencv_superres.3.1.0.dylib; path = "../../Downloads/opencv-3.1.0/lib/libopencv_superres.3.1.0.dylib"; sourceTree = "<group>"; };
		687A134C1CF58455001969FB /* libopencv_superres.3.1.0.dylib */ = {isa = PBXFileReference; lastKnownFileType = "compiled.mach-o.dylib"; name = libopencv_superres.3.1.0.dylib; path = "../../Downloads/opencv-3.1.0/lib/libopencv_superres.3.1.0.dylib"; sourceTree = "<group>"; };
		687A134D1CF58455001969FB /* libopencv_ts.a */ = {isa = PBXFileReference; lastKnownFileType = archive.ar; name = libopencv_ts.a; path = "../../Downloads/opencv-3.1.0/lib/libopencv_ts.a"; sourceTree = "<group>"; };
		687A134E1CF58455001969FB /* libopencv_video.3.1.0.dylib */ = {isa = PBXFileReference; lastKnownFileType = "compiled.mach-o.dylib"; name = libopencv_video.3.1.0.dylib; path = "../../Downloads/opencv-3.1.0/lib/libopencv_video.3.1.0.dylib"; sourceTree = "<group>"; };
		687A134F1CF58455001969FB /* libopencv_video.3.1.0.dylib */ = {isa = PBXFileReference; lastKnownFileType = "compiled.mach-o.dylib"; name = libopencv_video.3.1.0.dylib; path = "../../Downloads/opencv-3.1.0/lib/libopencv_video.3.1.0.dylib"; sourceTree = "<group>"; };
		687A13501CF58455001969FB /* libopencv_video.3.1.0.dylib */ = {isa = PBXFileReference; lastKnownFileType = "compiled.mach-o.dylib"; name = libopencv_video.3.1.0.dylib; path = "../../Downloads/opencv-3.1.0/lib/libopencv_video.3.1.0.dylib"; sourceTree = "<group>"; };
		687A13511CF58455001969FB /* libopencv_videoio.3.1.0.dylib */ = {isa = PBXFileReference; lastKnownFileType = "compiled.mach-o.dylib"; name = libopencv_videoio.3.1.0.dylib; path = "../../Downloads/opencv-3.1.0/lib/libopencv_videoio.3.1.0.dylib"; sourceTree = "<group>"; };
		687A13521CF58455001969FB /* libopencv_videoio.3.1.0.dylib */ = {isa = PBXFileReference; lastKnownFileType = "compiled.mach-o.dylib"; name = libopencv_videoio.3.1.0.dylib; path = "../../Downloads/opencv-3.1.0/lib/libopencv_videoio.3.1.0.dylib"; sourceTree = "<group>"; };
		687A13531CF58455001969FB /* libopencv_videoio.3.1.0.dylib */ = {isa = PBXFileReference; lastKnownFileType = "compiled.mach-o.dylib"; name = libopencv_videoio.3.1.0.dylib; path = "../../Downloads/opencv-3.1.0/lib/libopencv_videoio.3.1.0.dylib"; sourceTree = "<group>"; };
		687A13541CF58455001969FB /* libopencv_videostab.3.1.0.dylib */ = {isa = PBXFileReference; lastKnownFileType = "compiled.mach-o.dylib"; name = libopencv_videostab.3.1.0.dylib; path = "../../Downloads/opencv-3.1.0/lib/libopencv_videostab.3.1.0.dylib"; sourceTree = "<group>"; };
		687A13551CF58455001969FB /* libopencv_videostab.3.1.0.dylib */ = {isa = PBXFileReference; lastKnownFileType = "compiled.mach-o.dylib"; name = libopencv_videostab.3.1.0.dylib; path = "../../Downloads/opencv-3.1.0/lib/libopencv_videostab.3.1.0.dylib"; sourceTree = "<group>"; };
		687A13561CF58455001969FB /* libopencv_videostab.3.1.0.dylib */ = {isa = PBXFileReference; lastKnownFileType = "compiled.mach-o.dylib"; name = libopencv_videostab.3.1.0.dylib; path = "../../Downloads/opencv-3.1.0/lib/libopencv_videostab.3.1.0.dylib"; sourceTree = "<group>"; };
/* End PBXFileReference section */

/* Begin PBXFrameworksBuildPhase section */
		687A13181CF58394001969FB /* Frameworks */ = {
			isa = PBXFrameworksBuildPhase;
			buildActionMask = 2147483647;
			files = (
				687A135F1CF58455001969FB /* libopencv_features2d.3.1.0.dylib in Frameworks */,
				687A13861CF58455001969FB /* libopencv_videostab.3.1.0.dylib in Frameworks */,
				687A13601CF58455001969FB /* libopencv_flann.3.1.0.dylib in Frameworks */,
				687A13721CF58455001969FB /* libopencv_photo.3.1.0.dylib in Frameworks */,
				687A136E1CF58455001969FB /* libopencv_ml.3.1.0.dylib in Frameworks */,
				687A135A1CF58455001969FB /* libopencv_core.3.1.0.dylib in Frameworks */,
				687A13871CF58455001969FB /* libopencv_videostab.3.1.0.dylib in Frameworks */,
				687A13631CF58455001969FB /* libopencv_highgui.3.1.0.dylib in Frameworks */,
				687A136D1CF58455001969FB /* libopencv_ml.3.1.0.dylib in Frameworks */,
				687A13801CF58455001969FB /* libopencv_video.3.1.0.dylib in Frameworks */,
				687A13811CF58455001969FB /* libopencv_video.3.1.0.dylib in Frameworks */,
				687A13611CF58455001969FB /* libopencv_flann.3.1.0.dylib in Frameworks */,
				687A13591CF58455001969FB /* libopencv_calib3d.3.1.0.dylib in Frameworks */,
				687A135B1CF58455001969FB /* libopencv_core.3.1.0.dylib in Frameworks */,
				687A137C1CF58455001969FB /* libopencv_superres.3.1.0.dylib in Frameworks */,
				687A13851CF58455001969FB /* libopencv_videostab.3.1.0.dylib in Frameworks */,
				687A13821CF58455001969FB /* libopencv_videoio.3.1.0.dylib in Frameworks */,
				687A13581CF58455001969FB /* libopencv_calib3d.3.1.0.dylib in Frameworks */,
				687A136C1CF58455001969FB /* libopencv_ml.3.1.0.dylib in Frameworks */,
				687A13691CF58455001969FB /* libopencv_imgproc.3.1.0.dylib in Frameworks */,
				687A13761CF58455001969FB /* libopencv_shape.3.1.0.dylib in Frameworks */,
				687A13791CF58455001969FB /* libopencv_stitching.3.1.0.dylib in Frameworks */,
				687A13701CF58455001969FB /* libopencv_objdetect.3.1.0.dylib in Frameworks */,
				687A13621CF58455001969FB /* libopencv_flann.3.1.0.dylib in Frameworks */,
				687A137A1CF58455001969FB /* libopencv_stitching.3.1.0.dylib in Frameworks */,
				687A135E1CF58455001969FB /* libopencv_features2d.3.1.0.dylib in Frameworks */,
				687A136B1CF58455001969FB /* libopencv_imgproc.3.1.0.dylib in Frameworks */,
				687A137E1CF58455001969FB /* libopencv_ts.a in Frameworks */,
				687A137D1CF58455001969FB /* libopencv_superres.3.1.0.dylib in Frameworks */,
				687A13651CF58455001969FB /* libopencv_highgui.3.1.0.dylib in Frameworks */,
				687A13741CF58455001969FB /* libopencv_photo.3.1.0.dylib in Frameworks */,
				687A13711CF58455001969FB /* libopencv_objdetect.3.1.0.dylib in Frameworks */,
				687A137F1CF58455001969FB /* libopencv_video.3.1.0.dylib in Frameworks */,
				687A135C1CF58455001969FB /* libopencv_core.3.1.0.dylib in Frameworks */,
				687A13681CF58455001969FB /* libopencv_imgcodecs.3.1.0.dylib in Frameworks */,
				687A135D1CF58455001969FB /* libopencv_features2d.3.1.0.dylib in Frameworks */,
				687A13751CF58455001969FB /* libopencv_shape.3.1.0.dylib in Frameworks */,
				687A13781CF58455001969FB /* libopencv_stitching.3.1.0.dylib in Frameworks */,
				687A13841CF58455001969FB /* libopencv_videoio.3.1.0.dylib in Frameworks */,
				687A136A1CF58455001969FB /* libopencv_imgproc.3.1.0.dylib in Frameworks */,
				687A13571CF58455001969FB /* libopencv_calib3d.3.1.0.dylib in Frameworks */,
				687A13661CF58455001969FB /* libopencv_imgcodecs.3.1.0.dylib in Frameworks */,
				687A137B1CF58455001969FB /* libopencv_superres.3.1.0.dylib in Frameworks */,
				687A13771CF58455001969FB /* libopencv_shape.3.1.0.dylib in Frameworks */,
				687A136F1CF58455001969FB /* libopencv_objdetect.3.1.0.dylib in Frameworks */,
				687A13831CF58455001969FB /* libopencv_videoio.3.1.0.dylib in Frameworks */,
				687A13641CF58455001969FB /* libopencv_highgui.3.1.0.dylib in Frameworks */,
				687A13731CF58455001969FB /* libopencv_photo.3.1.0.dylib in Frameworks */,
				687A13671CF58455001969FB /* libopencv_imgcodecs.3.1.0.dylib in Frameworks */,
			);
			runOnlyForDeploymentPostprocessing = 0;
		};
/* End PBXFrameworksBuildPhase section */

/* Begin PBXGroup section */
		687A13121CF58394001969FB = {
			isa = PBXGroup;
			children = (
				687A13251CF58455001969FB /* cv2.so */,
				687A13261CF58455001969FB /* libopencv_calib3d.3.1.0.dylib */,
				687A13271CF58455001969FB /* libopencv_calib3d.3.1.0.dylib */,
				687A13281CF58455001969FB /* libopencv_calib3d.3.1.0.dylib */,
				687A13291CF58455001969FB /* libopencv_core.3.1.0.dylib */,
				687A132A1CF58455001969FB /* libopencv_core.3.1.0.dylib */,
				687A132B1CF58455001969FB /* libopencv_core.3.1.0.dylib */,
				687A132C1CF58455001969FB /* libopencv_features2d.3.1.0.dylib */,
				687A132D1CF58455001969FB /* libopencv_features2d.3.1.0.dylib */,
				687A132E1CF58455001969FB /* libopencv_features2d.3.1.0.dylib */,
				687A132F1CF58455001969FB /* libopencv_flann.3.1.0.dylib */,
				687A13301CF58455001969FB /* libopencv_flann.3.1.0.dylib */,
				687A13311CF58455001969FB /* libopencv_flann.3.1.0.dylib */,
				687A13321CF58455001969FB /* libopencv_highgui.3.1.0.dylib */,
				687A13331CF58455001969FB /* libopencv_highgui.3.1.0.dylib */,
				687A13341CF58455001969FB /* libopencv_highgui.3.1.0.dylib */,
				687A13351CF58455001969FB /* libopencv_imgcodecs.3.1.0.dylib */,
				687A13361CF58455001969FB /* libopencv_imgcodecs.3.1.0.dylib */,
				687A13371CF58455001969FB /* libopencv_imgcodecs.3.1.0.dylib */,
				687A13381CF58455001969FB /* libopencv_imgproc.3.1.0.dylib */,
				687A13391CF58455001969FB /* libopencv_imgproc.3.1.0.dylib */,
				687A133A1CF58455001969FB /* libopencv_imgproc.3.1.0.dylib */,
				687A133B1CF58455001969FB /* libopencv_ml.3.1.0.dylib */,
				687A133C1CF58455001969FB /* libopencv_ml.3.1.0.dylib */,
				687A133D1CF58455001969FB /* libopencv_ml.3.1.0.dylib */,
				687A133E1CF58455001969FB /* libopencv_objdetect.3.1.0.dylib */,
				687A133F1CF58455001969FB /* libopencv_objdetect.3.1.0.dylib */,
				687A13401CF58455001969FB /* libopencv_objdetect.3.1.0.dylib */,
				687A13411CF58455001969FB /* libopencv_photo.3.1.0.dylib */,
				687A13421CF58455001969FB /* libopencv_photo.3.1.0.dylib */,
				687A13431CF58455001969FB /* libopencv_photo.3.1.0.dylib */,
				687A13441CF58455001969FB /* libopencv_shape.3.1.0.dylib */,
				687A13451CF58455001969FB /* libopencv_shape.3.1.0.dylib */,
				687A13461CF58455001969FB /* libopencv_shape.3.1.0.dylib */,
				687A13471CF58455001969FB /* libopencv_stitching.3.1.0.dylib */,
				687A13481CF58455001969FB /* libopencv_stitching.3.1.0.dylib */,
				687A13491CF58455001969FB /* libopencv_stitching.3.1.0.dylib */,
				687A134A1CF58455001969FB /* libopencv_superres.3.1.0.dylib */,
				687A134B1CF58455001969FB /* libopencv_superres.3.1.0.dylib */,
				687A134C1CF58455001969FB /* libopencv_superres.3.1.0.dylib */,
				687A134D1CF58455001969FB /* libopencv_ts.a */,
				687A134E1CF58455001969FB /* libopencv_video.3.1.0.dylib */,
				687A134F1CF58455001969FB /* libopencv_video.3.1.0.dylib */,
				687A13501CF58455001969FB /* libopencv_video.3.1.0.dylib */,
				687A13511CF58455001969FB /* libopencv_videoio.3.1.0.dylib */,
				687A13521CF58455001969FB /* libopencv_videoio.3.1.0.dylib */,
				687A13531CF58455001969FB /* libopencv_videoio.3.1.0.dylib */,
				687A13541CF58455001969FB /* libopencv_videostab.3.1.0.dylib */,
				687A13551CF58455001969FB /* libopencv_videostab.3.1.0.dylib */,
				687A13561CF58455001969FB /* libopencv_videostab.3.1.0.dylib */,
				687A131D1CF58394001969FB /* largestcontour */,
				687A131C1CF58394001969FB /* Products */,
			);
			sourceTree = "<group>";
		};
		687A131C1CF58394001969FB /* Products */ = {
			isa = PBXGroup;
			children = (
				687A131B1CF58394001969FB /* largestcontour */,
			);
			name = Products;
			sourceTree = "<group>";
		};
		687A131D1CF58394001969FB /* largestcontour */ = {
			isa = PBXGroup;
			children = (
				687A131E1CF58394001969FB /* main.cpp */,
			);
			path = largestcontour;
			sourceTree = "<group>";
		};
/* End PBXGroup section */

/* Begin PBXNativeTarget section */
		687A131A1CF58394001969FB /* largestcontour */ = {
			isa = PBXNativeTarget;
			buildConfigurationList = 687A13221CF58394001969FB /* Build configuration list for PBXNativeTarget "largestcontour" */;
			buildPhases = (
				687A13171CF58394001969FB /* Sources */,
				687A13181CF58394001969FB /* Frameworks */,
				687A13191CF58394001969FB /* CopyFiles */,
			);
			buildRules = (
			);
			dependencies = (
			);
			name = largestcontour;
			productName = largestcontour;
			productReference = 687A131B1CF58394001969FB /* largestcontour */;
			productType = "com.apple.product-type.tool";
		};
/* End PBXNativeTarget section */

/* Begin PBXProject section */
		687A13131CF58394001969FB /* Project object */ = {
			isa = PBXProject;
			attributes = {
				LastUpgradeCheck = 0730;
				ORGANIZATIONNAME = labuser;
				TargetAttributes = {
					687A131A1CF58394001969FB = {
						CreatedOnToolsVersion = 7.3.1;
					};
				};
			};
			buildConfigurationList = 687A13161CF58394001969FB /* Build configuration list for PBXProject "largestcontour" */;
			compatibilityVersion = "Xcode 3.2";
			developmentRegion = English;
			hasScannedForEncodings = 0;
			knownRegions = (
				en,
			);
			mainGroup = 687A13121CF58394001969FB;
			productRefGroup = 687A131C1CF58394001969FB /* Products */;
			projectDirPath = "";
			projectRoot = "";
			targets = (
				687A131A1CF58394001969FB /* largestcontour */,
			);
		};
/* End PBXProject section */

/* Begin PBXSourcesBuildPhase section */
		687A13171CF58394001969FB /* Sources */ = {
			isa = PBXSourcesBuildPhase;
			buildActionMask = 2147483647;
			files = (
				687A131F1CF58394001969FB /* main.cpp in Sources */,
			);
			runOnlyForDeploymentPostprocessing = 0;
		};
/* End PBXSourcesBuildPhase section */

/* Begin XCBuildConfiguration section */
		687A13201CF58394001969FB /* Debug */ = {
			isa = XCBuildConfiguration;
			buildSettings = {
				ALWAYS_SEARCH_USER_PATHS = NO;
				CLANG_ANALYZER_NONNULL = YES;
				CLANG_CXX_LANGUAGE_STANDARD = "gnu++0x";
				CLANG_CXX_LIBRARY = "libc++";
				CLANG_ENABLE_MODULES = YES;
				CLANG_ENABLE_OBJC_ARC = YES;
				CLANG_WARN_BOOL_CONVERSION = YES;
				CLANG_WARN_CONSTANT_CONVERSION = YES;
				CLANG_WARN_DIRECT_OBJC_ISA_USAGE = YES_ERROR;
				CLANG_WARN_EMPTY_BODY = YES;
				CLANG_WARN_ENUM_CONVERSION = YES;
				CLANG_WARN_INT_CONVERSION = YES;
				CLANG_WARN_OBJC_ROOT_CLASS = YES_ERROR;
				CLANG_WARN_UNREACHABLE_CODE = YES;
				CLANG_WARN__DUPLICATE_METHOD_MATCH = YES;
				CODE_SIGN_IDENTITY = "-";
				COPY_PHASE_STRIP = NO;
				DEBUG_INFORMATION_FORMAT = dwarf;
				ENABLE_STRICT_OBJC_MSGSEND = YES;
				ENABLE_TESTABILITY = YES;
				GCC_C_LANGUAGE_STANDARD = gnu99;
				GCC_DYNAMIC_NO_PIC = NO;
				GCC_NO_COMMON_BLOCKS = YES;
				GCC_OPTIMIZATION_LEVEL = 0;
				GCC_PREPROCESSOR_DEFINITIONS = (
					"DEBUG=1",
					"$(inherited)",
				);
				GCC_WARN_64_TO_32_BIT_CONVERSION = YES;
				GCC_WARN_ABOUT_RETURN_TYPE = YES_ERROR;
				GCC_WARN_UNDECLARED_SELECTOR = YES;
				GCC_WARN_UNINITIALIZED_AUTOS = YES_AGGRESSIVE;
				GCC_WARN_UNUSED_FUNCTION = YES;
				GCC_WARN_UNUSED_VARIABLE = YES;
				MACOSX_DEPLOYMENT_TARGET = 10.11;
				MTL_ENABLE_DEBUG_INFO = YES;
				ONLY_ACTIVE_ARCH = YES;
				SDKROOT = macosx;
			};
			name = Debug;
		};
		687A13211CF58394001969FB /* Release */ = {
			isa = XCBuildConfiguration;
			buildSettings = {
				ALWAYS_SEARCH_USER_PATHS = NO;
				CLANG_ANALYZER_NONNULL = YES;
				CLANG_CXX_LANGUAGE_STANDARD = "gnu++0x";
				CLANG_CXX_LIBRARY = "libc++";
				CLANG_ENABLE_MODULES = YES;
				CLANG_ENABLE_OBJC_ARC = YES;
				CLANG_WARN_BOOL_CONVERSION = YES;
				CLANG_WARN_CONSTANT_CONVERSION = YES;
				CLANG_WARN_DIRECT_OBJC_ISA_USAGE = YES_ERROR;
				CLANG_WARN_EMPTY_BODY = YES;
				CLANG_WARN_ENUM_CONVERSION = YES;
				CLANG_WARN_INT_CONVERSION = YES;
				CLANG_WARN_OBJC_ROOT_CLASS = YES_ERROR;
				CLANG_WARN_UNREACHABLE_CODE = YES;
				CLANG_WARN__DUPLICATE_METHOD_MATCH = YES;
				CODE_SIGN_IDENTITY = "-";
				COPY_PHASE_STRIP = NO;
				DEBUG_INFORMATION_FORMAT = "dwarf-with-dsym";
				ENABLE_NS_ASSERTIONS = NO;
				ENABLE_STRICT_OBJC_MSGSEND = YES;
				GCC_C_LANGUAGE_STANDARD = gnu99;
				GCC_NO_COMMON_BLOCKS = YES;
				GCC_WARN_64_TO_32_BIT_CONVERSION = YES;
				GCC_WARN_ABOUT_RETURN_TYPE = YES_ERROR;
				GCC_WARN_UNDECLARED_SELECTOR = YES;
				GCC_WARN_UNINITIALIZED_AUTOS = YES_AGGRESSIVE;
				GCC_WARN_UNUSED_FUNCTION = YES;
				GCC_WARN_UNUSED_VARIABLE = YES;
				MACOSX_DEPLOYMENT_TARGET = 10.11;
				MTL_ENABLE_DEBUG_INFO = NO;
				SDKROOT = macosx;
			};
			name = Release;
		};
		687A13231CF58394001969FB /* Debug */ = {
			isa = XCBuildConfiguration;
			buildSettings = {
				ALWAYS_SEARCH_USER_PATHS = YES;
				FRAMEWORK_SEARCH_PATHS = /usr/local/lib;
				HEADER_SEARCH_PATHS = /usr/local/include;
				LIBRARY_SEARCH_PATHS = "/Users/labuser/Downloads/opencv-3.1.0/lib";
				PRODUCT_NAME = "$(TARGET_NAME)";
			};
			name = Debug;
		};
		687A13241CF58394001969FB /* Release */ = {
			isa = XCBuildConfiguration;
			buildSettings = {
				ALWAYS_SEARCH_USER_PATHS = YES;
				FRAMEWORK_SEARCH_PATHS = /usr/local/lib;
				HEADER_SEARCH_PATHS = /usr/local/include;
				LIBRARY_SEARCH_PATHS = "/Users/labuser/Downloads/opencv-3.1.0/lib";
				PRODUCT_NAME = "$(TARGET_NAME)";
			};
			name = Release;
		};
/* End XCBuildConfiguration section */

/* Begin XCConfigurationList section */
		687A13161CF58394001969FB /* Build configuration list for PBXProject "largestcontour" */ = {
			isa = XCConfigurationList;
			buildConfigurations = (
				687A13201CF58394001969FB /* Debug */,
				687A13211CF58394001969FB /* Release */,
			);
			defaultConfigurationIsVisible = 0;
			defaultConfigurationName = Release;
		};
		687A13221CF58394001969FB /* Build configuration list for PBXNativeTarget "largestcontour" */ = {
			isa = XCConfigurationList;
			buildConfigurations = (
				687A13231CF58394001969FB /* Debug */,
				687A13241CF58394001969FB /* Release */,
			);
			defaultConfigurationIsVisible = 0;
		};
/* End XCConfigurationList section */
	};
	rootObject = 687A13131CF58394001969FB /* Project object */;
}
